
Microsoft Visual Studio Solution File, Format Version 12.00
Project("{2150E333-8FDC-42A3-9474-1A3956D46DE8}") = "src", "src", "{BA65702E-7CFE-4712-B3F1-31F849061263}"
EndProject
Project("{FAE04EC0-301F-11D3-BF4B-00C04F79EFBC}") = "App", "src\App\App.csproj", "{B40B5163-FC2D-4160-B13F-58EFAB494F9E}"
EndProject
Project("{FAE04EC0-301F-11D3-BF4B-00C04F79EFBC}") = "Domain", "src\Domain\Domain.csproj", "{C170ABF3-C73E-49BC-893A-C7839D556443}"
EndProject
Project("{FAE04EC0-301F-11D3-BF4B-00C04F79EFBC}") = "Infrastructure.Data", "src\Infrastructure.Data\Infrastructure.Data.csproj", "{A3C83AC4-D0CA-493E-A82B-A898B45E7BE1}"
EndProject
Project("{FAE04EC0-301F-11D3-BF4B-00C04F79EFBC}") = "Interface.Http", "src\Interface.Http\Interface.Http.csproj", "{48FA6CF9-3259-4E2B-BDE0-7F7483AA4019}"
EndProject
Global
	GlobalSection(SolutionConfigurationPlatforms) = preSolution
		Debug|Any CPU = Debug|Any CPU
		Release|Any CPU = Release|Any CPU
	EndGlobalSection
	GlobalSection(ProjectConfigurationPlatforms) = postSolution
		{B40B5163-FC2D-4160-B13F-58EFAB494F9E}.Debug|Any CPU.ActiveCfg = Debug|Any CPU
		{B40B5163-FC2D-4160-B13F-58EFAB494F9E}.Debug|Any CPU.Build.0 = Debug|Any CPU
		{B40B5163-FC2D-4160-B13F-58EFAB494F9E}.Release|Any CPU.ActiveCfg = Release|Any CPU
		{B40B5163-FC2D-4160-B13F-58EFAB494F9E}.Release|Any CPU.Build.0 = Release|Any CPU
		{C170ABF3-C73E-49BC-893A-C7839D556443}.Debug|Any CPU.ActiveCfg = Debug|Any CPU
		{C170ABF3-C73E-49BC-893A-C7839D556443}.Debug|Any CPU.Build.0 = Debug|Any CPU
		{C170ABF3-C73E-49BC-893A-C7839D556443}.Release|Any CPU.ActiveCfg = Release|Any CPU
		{C170ABF3-C73E-49BC-893A-C7839D556443}.Release|Any CPU.Build.0 = Release|Any CPU
		{A3C83AC4-D0CA-493E-A82B-A898B45E7BE1}.Debug|Any CPU.ActiveCfg = Debug|Any CPU
		{A3C83AC4-D0CA-493E-A82B-A898B45E7BE1}.Debug|Any CPU.Build.0 = Debug|Any CPU
		{A3C83AC4-D0CA-493E-A82B-A898B45E7BE1}.Release|Any CPU.ActiveCfg = Release|Any CPU
		{A3C83AC4-D0CA-493E-A82B-A898B45E7BE1}.Release|Any CPU.Build.0 = Release|Any CPU
		{48FA6CF9-3259-4E2B-BDE0-7F7483AA4019}.Debug|Any CPU.ActiveCfg = Debug|Any CPU
		{48FA6CF9-3259-4E2B-BDE0-7F7483AA4019}.Debug|Any CPU.Build.0 = Debug|Any CPU
		{48FA6CF9-3259-4E2B-BDE0-7F7483AA4019}.Release|Any CPU.ActiveCfg = Release|Any CPU
		{48FA6CF9-3259-4E2B-BDE0-7F7483AA4019}.Release|Any CPU.Build.0 = Release|Any CPU
	EndGlobalSection
	GlobalSection(NestedProjects) = preSolution
		{B40B5163-FC2D-4160-B13F-58EFAB494F9E} = {BA65702E-7CFE-4712-B3F1-31F849061263}
		{C170ABF3-C73E-49BC-893A-C7839D556443} = {BA65702E-7CFE-4712-B3F1-31F849061263}
		{A3C83AC4-D0CA-493E-A82B-A898B45E7BE1} = {BA65702E-7CFE-4712-B3F1-31F849061263}
		{48FA6CF9-3259-4E2B-BDE0-7F7483AA4019} = {BA65702E-7CFE-4712-B3F1-31F849061263}
	EndGlobalSection
EndGlobal
